PODS:
  - RxCocoa (5.0.0):
    - RxRelay (~> 5)
    - RxSwift (~> 5)
  - RxRelay (5.0.0):
    - RxSwift (~> 5)
  - RxSwift (5.0.0)
  - ShadowRadar/Core (0.3.3):
    - ShapeView (~> 0.3)
  - ShadowRadar/Rx (0.3.3):
    - RxCocoa (~> 5)
    - RxSwift (~> 5)
    - ShadowRadar/Core (~> 0)
    - ShapeView (~> 0.3)
  - ShapeView (0.6)
  - SnapKit (5.0.0)

DEPENDENCIES:
  - RxCocoa
  - ShadowRadar/Rx (from `../`)
  - SnapKit

SPEC REPOS:
  https://github.com/cocoapods/specs.git:
    - RxCocoa
    - RxRelay
    - RxSwift
    - ShapeView
    - SnapKit

EXTERNAL SOURCES:
  ShadowRadar:
    :path: "../"

SPEC CHECKSUMS:
  RxCocoa: fcf32050ac00d801f34a7f71d5e8e7f23026dcd8
  RxRelay: 4f7409406a51a55cd88483f21ed898c234d60f18
  RxSwift: 8b0671caa829a763bbce7271095859121cbd895f
  ShadowRadar: ffc4a8e0aaf2d5d0b9ac5113a8a181fd18d2822f
  ShapeView: bc9816f61b15d1069513826745c0b9c135826035
  SnapKit: fd22d10eb9aff484d79a8724eab922c1ddf89bcf

PODFILE CHECKSUM: 5e4a605ee82757af92f9e0814acb743d7e5af078

COCOAPODS: 1.6.1
