PODS:
  - RxAtomic (4.4.2)
  - RxCocoa (4.4.2):
    - RxSwift (>= 4.4.2, ~> 4.4)
  - RxSwift (4.4.2):
    - RxAtomic (>= 4.4.2, ~> 4.4)
  - ShadowRadar/Core (0.3.1):
    - ShapeView (~> 0.3)
  - ShadowRadar/Rx (0.3.1):
    - RxCocoa (~> 4.2)
    - ShadowRadar/Core (~> 0)
    - ShapeView (~> 0.3)
  - ShapeView (0.5)
  - SnapKit (4.2.0)

DEPENDENCIES:
  - RxCocoa
  - ShadowRadar/Rx (from `../`)
  - SnapKit

SPEC REPOS:
  https://github.com/cocoapods/specs.git:
    - RxAtomic
    - RxCocoa
    - RxSwift
    - ShapeView
    - SnapKit

EXTERNAL SOURCES:
  ShadowRadar:
    :path: "../"

SPEC CHECKSUMS:
  RxAtomic: d00e97c10db88c6f08540e0bf2752fc5a2404167
  RxCocoa: 477990dc3b4c3ff55fb0ac77e1cc06244e0aaec8
  RxSwift: 74c29b693c8e42b0f64400e8b06564575742d649
  ShadowRadar: f38b646e8e59447e26361cf694fbc4de00acd172
  ShapeView: dd29d7d5af9c477d2ec32b0a8abc09d46679ff99
  SnapKit: fe8a619752f3f27075cc9a90244d75c6c3f27e2a

PODFILE CHECKSUM: 5e4a605ee82757af92f9e0814acb743d7e5af078

COCOAPODS: 1.6.1
